{
  "name": "bytenode-pkg-example",
  "version": "1.0.0",
  "lockfileVersion": 1,
  "requires": true,
  "dependencies": {
    "bytenode": {
      "version": "1.3.3",
      "resolved": "https://registry.npmjs.org/bytenode/-/bytenode-1.3.3.tgz",
      "integrity": "sha512-N/d5zwUSsl7WbwY3xVmh8TzDjW4PyVxbb0RQdwc80PKs97a99WVfO+k/dfdG49Xr4NQyab8s6lQJd4tdUo7X1Q=="
    },
    "dotenv": {
      "version": "10.0.0",
      "resolved": "https://registry.npmjs.org/dotenv/-/dotenv-10.0.0.tgz",
      "integrity": "sha512-rlBi9d8jpv9Sf1klPjNfFAuWDjKLwTIJJ/VxtoTwIR6hnZxcEOQCZg2oIL3MWBYw5GpUDKOEnND7LXTbIpQ03Q=="
    }
  }
}
